
Microsoft Visual Studio Solution File, Format Version 11.00
# Visual Studio 2010
Project("{8BC9CEB8-8B4A-11D0-8D11-00A0C91BC942}") = "ISERotsenViewer", "ISERotsenViewer\ISERotsenViewer.vcxproj", "{86966991-420C-4974-A4EF-112B04F9859A}"
EndProject
Global
	GlobalSection(SolutionConfigurationPlatforms) = preSolution
		Debug|Win32 = Debug|Win32
		Release|Win32 = Release|Win32
	EndGlobalSection
	GlobalSection(ProjectConfigurationPlatforms) = postSolution
		{86966991-420C-4974-A4EF-112B04F9859A}.Debug|Win32.ActiveCfg = Debug|Win32
		{86966991-420C-4974-A4EF-112B04F9859A}.Debug|Win32.Build.0 = Debug|Win32
		{86966991-420C-4974-A4EF-112B04F9859A}.Release|Win32.ActiveCfg = Release|Win32
		{86966991-420C-4974-A4EF-112B04F9859A}.Release|Win32.Build.0 = Release|Win32
	EndGlobalSection
	GlobalSection(SolutionProperties) = preSolution
		HideSolutionNode = FALSE
	EndGlobalSection
EndGlobal
